
Microsoft Visual Studio Solution File, Format Version 12.00
# Visual Studio Version 16
VisualStudioVersion = 16.0.31410.357
MinimumVisualStudioVersion = 10.0.40219.1
Project("{FAE04EC0-301F-11D3-BF4B-00C04F79EFBC}") = "CommentApp", "CommentApp\CommentApp.csproj", "{B1F3BDAD-6837-492F-A596-8E30B1EBFE70}"
EndProject
Global
	GlobalSection(SolutionConfigurationPlatforms) = preSolution
		Debug|Any CPU = Debug|Any CPU
		Release|Any CPU = Release|Any CPU
	EndGlobalSection
	GlobalSection(ProjectConfigurationPlatforms) = postSolution
		{B1F3BDAD-6837-492F-A596-8E30B1EBFE70}.Debug|Any CPU.ActiveCfg = Debug|Any CPU
		{B1F3BDAD-6837-492F-A596-8E30B1EBFE70}.Debug|Any CPU.Build.0 = Debug|Any CPU
		{B1F3BDAD-6837-492F-A596-8E30B1EBFE70}.Release|Any CPU.ActiveCfg = Release|Any CPU
		{B1F3BDAD-6837-492F-A596-8E30B1EBFE70}.Release|Any CPU.Build.0 = Release|Any CPU
	EndGlobalSection
	GlobalSection(SolutionProperties) = preSolution
		HideSolutionNode = FALSE
	EndGlobalSection
	GlobalSection(ExtensibilityGlobals) = postSolution
		SolutionGuid = {DBE6EEB3-2C21-4F2C-98C4-B499584C9D9C}
	EndGlobalSection
EndGlobal
